
Microsoft Visual Studio Solution File, Format Version 12.00
# Visual Studio Version 17
VisualStudioVersion = 17.14.37027.9 d17.14
MinimumVisualStudioVersion = 10.0.40219.1
Project("{FAE04EC0-301F-11D3-BF4B-00C04F79EFBC}") = "BankAccountSystem", "BankAccountSystem.csproj", "{4238C164-6447-4475-BF18-D878ADFF37BF}"
EndProject
Global
	GlobalSection(SolutionConfigurationPlatforms) = preSolution
		Debug|Any CPU = Debug|Any CPU
		Release|Any CPU = Release|Any CPU
	EndGlobalSection
	GlobalSection(ProjectConfigurationPlatforms) = postSolution
		{4238C164-6447-4475-BF18-D878ADFF37BF}.Debug|Any CPU.ActiveCfg = Debug|Any CPU
		{4238C164-6447-4475-BF18-D878ADFF37BF}.Debug|Any CPU.Build.0 = Debug|Any CPU
		{4238C164-6447-4475-BF18-D878ADFF37BF}.Release|Any CPU.ActiveCfg = Release|Any CPU
		{4238C164-6447-4475-BF18-D878ADFF37BF}.Release|Any CPU.Build.0 = Release|Any CPU
	EndGlobalSection
	GlobalSection(SolutionProperties) = preSolution
		HideSolutionNode = FALSE
	EndGlobalSection
	GlobalSection(ExtensibilityGlobals) = postSolution
		SolutionGuid = {0EC56A59-6991-48E1-9161-4FC17CF165F9}
	EndGlobalSection
EndGlobal
